
Microsoft Visual Studio Solution File, Format Version 12.00
# Visual Studio Version 17
VisualStudioVersion = 17.7.34031.279
MinimumVisualStudioVersion = 10.0.40219.1
Project("{9A19103F-16F7-4668-BE54-9A1E7A4F7556}") = "Wetware.ReadRandom", "Wetware.ReadRandom\Wetware.ReadRandom.csproj", "{4967F0CA-EB70-4E53-87A1-EA3F63E36056}"
EndProject
Project("{9A19103F-16F7-4668-BE54-9A1E7A4F7556}") = "Tests", "Tests\Tests.csproj", "{11220D8F-BAAB-45EB-8BF4-C5FA1E207762}"
EndProject
Global
	GlobalSection(SolutionConfigurationPlatforms) = preSolution
		Debug|Any CPU = Debug|Any CPU
		Release|Any CPU = Release|Any CPU
	EndGlobalSection
	GlobalSection(ProjectConfigurationPlatforms) = postSolution
		{4967F0CA-EB70-4E53-87A1-EA3F63E36056}.Debug|Any CPU.ActiveCfg = Debug|Any CPU
		{4967F0CA-EB70-4E53-87A1-EA3F63E36056}.Debug|Any CPU.Build.0 = Debug|Any CPU
		{4967F0CA-EB70-4E53-87A1-EA3F63E36056}.Release|Any CPU.ActiveCfg = Release|Any CPU
		{4967F0CA-EB70-4E53-87A1-EA3F63E36056}.Release|Any CPU.Build.0 = Release|Any CPU
		{11220D8F-BAAB-45EB-8BF4-C5FA1E207762}.Debug|Any CPU.ActiveCfg = Debug|Any CPU
		{11220D8F-BAAB-45EB-8BF4-C5FA1E207762}.Debug|Any CPU.Build.0 = Debug|Any CPU
		{11220D8F-BAAB-45EB-8BF4-C5FA1E207762}.Release|Any CPU.ActiveCfg = Release|Any CPU
		{11220D8F-BAAB-45EB-8BF4-C5FA1E207762}.Release|Any CPU.Build.0 = Release|Any CPU
	EndGlobalSection
	GlobalSection(SolutionProperties) = preSolution
		HideSolutionNode = FALSE
	EndGlobalSection
	GlobalSection(ExtensibilityGlobals) = postSolution
		SolutionGuid = {C6F0E2D1-47C8-4DCB-B162-9D09364F33DD}
	EndGlobalSection
EndGlobal
